
Microsoft Visual Studio Solution File, Format Version 12.00
# Visual Studio 15
VisualStudioVersion = 15.0.26730.15
MinimumVisualStudioVersion = 10.0.40219.1
Project("{FAE04EC0-301F-11D3-BF4B-00C04F79EFBC}") = "CreateTimeLapse", "CreateTimeLapse\CreateTimeLapse.csproj", "{E4120284-6D5E-4B0C-A929-6D70112B57A7}"
EndProject
Project("{FAE04EC0-301F-11D3-BF4B-00C04F79EFBC}") = "TimeLapse", "TimeLapse\TimeLapse.csproj", "{59E98E29-D071-4C5B-8DFF-D3A7EADB8396}"
EndProject
Global
	GlobalSection(SolutionConfigurationPlatforms) = preSolution
		Debug|Any CPU = Debug|Any CPU
		Release|Any CPU = Release|Any CPU
	EndGlobalSection
	GlobalSection(ProjectConfigurationPlatforms) = postSolution
		{E4120284-6D5E-4B0C-A929-6D70112B57A7}.Debug|Any CPU.ActiveCfg = Debug|Any CPU
		{E4120284-6D5E-4B0C-A929-6D70112B57A7}.Debug|Any CPU.Build.0 = Debug|Any CPU
		{E4120284-6D5E-4B0C-A929-6D70112B57A7}.Release|Any CPU.ActiveCfg = Release|Any CPU
		{E4120284-6D5E-4B0C-A929-6D70112B57A7}.Release|Any CPU.Build.0 = Release|Any CPU
		{59E98E29-D071-4C5B-8DFF-D3A7EADB8396}.Debug|Any CPU.ActiveCfg = Debug|Any CPU
		{59E98E29-D071-4C5B-8DFF-D3A7EADB8396}.Debug|Any CPU.Build.0 = Debug|Any CPU
		{59E98E29-D071-4C5B-8DFF-D3A7EADB8396}.Release|Any CPU.ActiveCfg = Release|Any CPU
		{59E98E29-D071-4C5B-8DFF-D3A7EADB8396}.Release|Any CPU.Build.0 = Release|Any CPU
	EndGlobalSection
	GlobalSection(SolutionProperties) = preSolution
		HideSolutionNode = FALSE
	EndGlobalSection
	GlobalSection(ExtensibilityGlobals) = postSolution
		SolutionGuid = {D8CDDA0F-0C5C-46D7-BC92-0EE772114825}
	EndGlobalSection
EndGlobal
